
Microsoft Visual Studio Solution File, Format Version 12.00
# Visual Studio Version 17
VisualStudioVersion = 17.0.31912.275
MinimumVisualStudioVersion = 10.0.40219.1
Project("{2150E333-8FDC-42A3-9474-1A3956D46DE8}") = "Certificate", "Certificate", "{2706BF94-7E98-4FDF-A334-8AFECC517296}"
EndProject
Project("{2150E333-8FDC-42A3-9474-1A3956D46DE8}") = "Configuration", "Configuration", "{BDE417FD-0CC2-4422-866E-053565304FBE}"
EndProject
Project("{2150E333-8FDC-42A3-9474-1A3956D46DE8}") = "Encryption", "Encryption", "{4A3514D8-0154-43CC-A6F7-798A1FF0FBB9}"
EndProject
Project("{2150E333-8FDC-42A3-9474-1A3956D46DE8}") = "Metadata", "Metadata", "{4C4A179D-6481-4D68-81F8-342413763751}"
EndProject
Project("{2150E333-8FDC-42A3-9474-1A3956D46DE8}") = "Signature", "Signature", "{0E8214B8-6604-4221-B42B-72EA3C5D6890}"
EndProject
Project("{2150E333-8FDC-42A3-9474-1A3956D46DE8}") = "SSO", "SSO", "{52EDB8A2-EC6E-40AB-84CC-E50AE3E377CA}"
EndProject
Project("{2150E333-8FDC-42A3-9474-1A3956D46DE8}") = "Utility", "Utility", "{1AAD53CE-3A09-4DB0-A649-92B6ABF0BBC9}"
EndProject
Project("{2150E333-8FDC-42A3-9474-1A3956D46DE8}") = "MVC", "MVC", "{57BA6DBF-FCA5-4BB2-B2A3-EA2A9AEAC625}"
EndProject
Project("{2150E333-8FDC-42A3-9474-1A3956D46DE8}") = "WebForms", "WebForms", "{B9186491-0CC4-4FB1-A489-8AA311E11B35}"
EndProject
Project("{FAE04EC0-301F-11D3-BF4B-00C04F79EFBC}") = "CreateSelfSignedCert", "Examples\Certificate\CreateSelfSignedCert\CreateSelfSignedCert.csproj", "{C8DFCC50-73BB-45AD-A62F-1CF003D0A11B}"
EndProject
Project("{FAE04EC0-301F-11D3-BF4B-00C04F79EFBC}") = "CreateConfiguration", "Examples\Configuration\CreateConfiguration\CreateConfiguration.csproj", "{E0BFAA38-0AB2-41B5-A76C-51B45537375D}"
EndProject
Project("{FAE04EC0-301F-11D3-BF4B-00C04F79EFBC}") = "ValidateConfig", "Examples\Configuration\ValidateConfig\ValidateConfig.csproj", "{4748C1AC-71A0-4684-AF80-86D4EC626278}"
EndProject
Project("{FAE04EC0-301F-11D3-BF4B-00C04F79EFBC}") = "DecryptAssertion", "Examples\Encryption\DecryptAssertion\DecryptAssertion.csproj", "{90B5DE1C-8F98-4F3D-A05F-528896D161B7}"
EndProject
Project("{FAE04EC0-301F-11D3-BF4B-00C04F79EFBC}") = "EncryptAssertion", "Examples\Encryption\EncryptAssertion\EncryptAssertion.csproj", "{CD3F9A81-521E-429C-87C8-6F831689DC21}"
EndProject
Project("{FAE04EC0-301F-11D3-BF4B-00C04F79EFBC}") = "CreateMetadata", "Examples\Metadata\CreateMetadata\CreateMetadata.csproj", "{55DECF3E-B9DB-46F8-992B-BBF09BF55CDD}"
EndProject
Project("{FAE04EC0-301F-11D3-BF4B-00C04F79EFBC}") = "ExportMetadata", "Examples\Metadata\ExportMetadata\ExportMetadata.csproj", "{95A8E7C2-A497-47B2-A746-1D82D3E5EA5D}"
EndProject
Project("{FAE04EC0-301F-11D3-BF4B-00C04F79EFBC}") = "ImportMetadata", "Examples\Metadata\ImportMetadata\ImportMetadata.csproj", "{9C806924-0043-4F6C-9637-3E3274CE3705}"
EndProject
Project("{FAE04EC0-301F-11D3-BF4B-00C04F79EFBC}") = "MetadataExample", "Examples\Metadata\MetadataExample\MetadataExample.csproj", "{E87E2E7B-52BE-4151-932C-1D529E83CA77}"
EndProject
Project("{FAE04EC0-301F-11D3-BF4B-00C04F79EFBC}") = "ReadMetadata", "Examples\Metadata\ReadMetadata\ReadMetadata.csproj", "{8A946737-B05D-4F70-BBCF-74CA05BA0E32}"
EndProject
Project("{FAE04EC0-301F-11D3-BF4B-00C04F79EFBC}") = "GenerateSignature", "Examples\Signature\GenerateSignature\GenerateSignature.csproj", "{54A0E52C-9B25-469E-9BAC-AB56D5582528}"
EndProject
Project("{FAE04EC0-301F-11D3-BF4B-00C04F79EFBC}") = "TestSHA256Signature", "Examples\Signature\TestSHA256Signature\TestSHA256Signature.csproj", "{7BB86C23-E83F-4D72-BE04-B13260FE830C}"
EndProject
Project("{FAE04EC0-301F-11D3-BF4B-00C04F79EFBC}") = "VerifySignature", "Examples\Signature\VerifySignature\VerifySignature.csproj", "{FE9B616F-0250-47B6-B765-E9DA556CF7C9}"
EndProject
Project("{FAE04EC0-301F-11D3-BF4B-00C04F79EFBC}") = "MvcExampleIdentityProvider", "Examples\SSO\MVC\MvcExampleIdentityProvider\MvcExampleIdentityProvider.csproj", "{69F4F94C-917A-40FF-BF8D-AF05C6181AE0}"
EndProject
Project("{FAE04EC0-301F-11D3-BF4B-00C04F79EFBC}") = "MvcExampleServiceProvider", "Examples\SSO\MVC\MvcExampleServiceProvider\MvcExampleServiceProvider.csproj", "{A0AC3626-F8D6-4659-8772-4BC45F23C347}"
EndProject
Project("{FAE04EC0-301F-11D3-BF4B-00C04F79EFBC}") = "SamlProxy", "Examples\SSO\MVC\SamlProxy\SamlProxy.csproj", "{3F74EF61-6217-4CBD-854B-153D73A18614}"
EndProject
Project("{FAE04EC0-301F-11D3-BF4B-00C04F79EFBC}") = "ExampleIdentityProvider", "Examples\SSO\WebForms\ExampleIdentityProvider\ExampleIdentityProvider.csproj", "{78FF0311-EA40-4CDF-8ADE-C46D0194F3E5}"
EndProject
Project("{FAE04EC0-301F-11D3-BF4B-00C04F79EFBC}") = "ExampleServiceProvider", "Examples\SSO\WebForms\ExampleServiceProvider\ExampleServiceProvider.csproj", "{A1D897F5-32B6-423C-B6F2-A3C17AE1E3DA}"
EndProject
Project("{FAE04EC0-301F-11D3-BF4B-00C04F79EFBC}") = "ParseHttpRedirectUrl", "Examples\Utility\ParseHttpRedirectUrl\ParseHttpRedirectUrl.csproj", "{C7596CE4-47C7-40F9-946A-B840B2CF25D7}"
EndProject
Project("{FAE04EC0-301F-11D3-BF4B-00C04F79EFBC}") = "Redis", "Examples\Utility\Redis\Redis.csproj", "{2CF64DE9-9EA3-4727-915D-6145C63F7EC9}"
EndProject
Project("{FAE04EC0-301F-11D3-BF4B-00C04F79EFBC}") = "ValidateAgainstSchema", "Examples\Utility\ValidateAgainstSchema\ValidateAgainstSchema.csproj", "{B3392766-E913-4757-9251-E2EE355F8CC9}"
EndProject
Project("{FAE04EC0-301F-11D3-BF4B-00C04F79EFBC}") = "ValidateSAMLMessage", "Examples\Utility\ValidateSAMLMessage\ValidateSAMLMessage.csproj", "{66B92092-9FCB-42C4-B8A8-3FABC2A98C26}"
EndProject
Project("{FAE04EC0-301F-11D3-BF4B-00C04F79EFBC}") = "SetupSAML", "Examples\SetupSAML\SetupSAML.csproj", "{FF92110C-3886-4A26-921A-A9F505929373}"
EndProject
Global
	GlobalSection(SolutionConfigurationPlatforms) = preSolution
		Debug|Any CPU = Debug|Any CPU
		Debug|x86 = Debug|x86
		Release|Any CPU = Release|Any CPU
		Release|x86 = Release|x86
	EndGlobalSection
	GlobalSection(ProjectConfigurationPlatforms) = postSolution
		{C8DFCC50-73BB-45AD-A62F-1CF003D0A11B}.Debug|Any CPU.ActiveCfg = Debug|Any CPU
		{C8DFCC50-73BB-45AD-A62F-1CF003D0A11B}.Debug|Any CPU.Build.0 = Debug|Any CPU
		{C8DFCC50-73BB-45AD-A62F-1CF003D0A11B}.Debug|x86.ActiveCfg = Debug|Any CPU
		{C8DFCC50-73BB-45AD-A62F-1CF003D0A11B}.Debug|x86.Build.0 = Debug|Any CPU
		{C8DFCC50-73BB-45AD-A62F-1CF003D0A11B}.Release|Any CPU.ActiveCfg = Release|Any CPU
		{C8DFCC50-73BB-45AD-A62F-1CF003D0A11B}.Release|Any CPU.Build.0 = Release|Any CPU
		{C8DFCC50-73BB-45AD-A62F-1CF003D0A11B}.Release|x86.ActiveCfg = Release|Any CPU
		{C8DFCC50-73BB-45AD-A62F-1CF003D0A11B}.Release|x86.Build.0 = Release|Any CPU
		{E0BFAA38-0AB2-41B5-A76C-51B45537375D}.Debug|Any CPU.ActiveCfg = Debug|Any CPU
		{E0BFAA38-0AB2-41B5-A76C-51B45537375D}.Debug|Any CPU.Build.0 = Debug|Any CPU
		{E0BFAA38-0AB2-41B5-A76C-51B45537375D}.Debug|x86.ActiveCfg = Debug|Any CPU
		{E0BFAA38-0AB2-41B5-A76C-51B45537375D}.Debug|x86.Build.0 = Debug|Any CPU
		{E0BFAA38-0AB2-41B5-A76C-51B45537375D}.Release|Any CPU.ActiveCfg = Release|Any CPU
		{E0BFAA38-0AB2-41B5-A76C-51B45537375D}.Release|Any CPU.Build.0 = Release|Any CPU
		{E0BFAA38-0AB2-41B5-A76C-51B45537375D}.Release|x86.ActiveCfg = Release|Any CPU
		{E0BFAA38-0AB2-41B5-A76C-51B45537375D}.Release|x86.Build.0 = Release|Any CPU
		{4748C1AC-71A0-4684-AF80-86D4EC626278}.Debug|Any CPU.ActiveCfg = Debug|Any CPU
		{4748C1AC-71A0-4684-AF80-86D4EC626278}.Debug|Any CPU.Build.0 = Debug|Any CPU
		{4748C1AC-71A0-4684-AF80-86D4EC626278}.Debug|x86.ActiveCfg = Debug|Any CPU
		{4748C1AC-71A0-4684-AF80-86D4EC626278}.Debug|x86.Build.0 = Debug|Any CPU
		{4748C1AC-71A0-4684-AF80-86D4EC626278}.Release|Any CPU.ActiveCfg = Release|Any CPU
		{4748C1AC-71A0-4684-AF80-86D4EC626278}.Release|Any CPU.Build.0 = Release|Any CPU
		{4748C1AC-71A0-4684-AF80-86D4EC626278}.Release|x86.ActiveCfg = Release|Any CPU
		{4748C1AC-71A0-4684-AF80-86D4EC626278}.Release|x86.Build.0 = Release|Any CPU
		{90B5DE1C-8F98-4F3D-A05F-528896D161B7}.Debug|Any CPU.ActiveCfg = Debug|Any CPU
		{90B5DE1C-8F98-4F3D-A05F-528896D161B7}.Debug|Any CPU.Build.0 = Debug|Any CPU
		{90B5DE1C-8F98-4F3D-A05F-528896D161B7}.Debug|x86.ActiveCfg = Debug|Any CPU
		{90B5DE1C-8F98-4F3D-A05F-528896D161B7}.Debug|x86.Build.0 = Debug|Any CPU
		{90B5DE1C-8F98-4F3D-A05F-528896D161B7}.Release|Any CPU.ActiveCfg = Release|Any CPU
		{90B5DE1C-8F98-4F3D-A05F-528896D161B7}.Release|Any CPU.Build.0 = Release|Any CPU
		{90B5DE1C-8F98-4F3D-A05F-528896D161B7}.Release|x86.ActiveCfg = Release|Any CPU
		{90B5DE1C-8F98-4F3D-A05F-528896D161B7}.Release|x86.Build.0 = Release|Any CPU
		{CD3F9A81-521E-429C-87C8-6F831689DC21}.Debug|Any CPU.ActiveCfg = Debug|Any CPU
		{CD3F9A81-521E-429C-87C8-6F831689DC21}.Debug|Any CPU.Build.0 = Debug|Any CPU
		{CD3F9A81-521E-429C-87C8-6F831689DC21}.Debug|x86.ActiveCfg = Debug|Any CPU
		{CD3F9A81-521E-429C-87C8-6F831689DC21}.Debug|x86.Build.0 = Debug|Any CPU
		{CD3F9A81-521E-429C-87C8-6F831689DC21}.Release|Any CPU.ActiveCfg = Release|Any CPU
		{CD3F9A81-521E-429C-87C8-6F831689DC21}.Release|Any CPU.Build.0 = Release|Any CPU
		{CD3F9A81-521E-429C-87C8-6F831689DC21}.Release|x86.ActiveCfg = Release|Any CPU
		{CD3F9A81-521E-429C-87C8-6F831689DC21}.Release|x86.Build.0 = Release|Any CPU
		{55DECF3E-B9DB-46F8-992B-BBF09BF55CDD}.Debug|Any CPU.ActiveCfg = Debug|Any CPU
		{55DECF3E-B9DB-46F8-992B-BBF09BF55CDD}.Debug|Any CPU.Build.0 = Debug|Any CPU
		{55DECF3E-B9DB-46F8-992B-BBF09BF55CDD}.Debug|x86.ActiveCfg = Debug|Any CPU
		{55DECF3E-B9DB-46F8-992B-BBF09BF55CDD}.Debug|x86.Build.0 = Debug|Any CPU
		{55DECF3E-B9DB-46F8-992B-BBF09BF55CDD}.Release|Any CPU.ActiveCfg = Release|Any CPU
		{55DECF3E-B9DB-46F8-992B-BBF09BF55CDD}.Release|Any CPU.Build.0 = Release|Any CPU
		{55DECF3E-B9DB-46F8-992B-BBF09BF55CDD}.Release|x86.ActiveCfg = Release|Any CPU
		{55DECF3E-B9DB-46F8-992B-BBF09BF55CDD}.Release|x86.Build.0 = Release|Any CPU
		{95A8E7C2-A497-47B2-A746-1D82D3E5EA5D}.Debug|Any CPU.ActiveCfg = Debug|Any CPU
		{95A8E7C2-A497-47B2-A746-1D82D3E5EA5D}.Debug|Any CPU.Build.0 = Debug|Any CPU
		{95A8E7C2-A497-47B2-A746-1D82D3E5EA5D}.Debug|x86.ActiveCfg = Debug|Any CPU
		{95A8E7C2-A497-47B2-A746-1D82D3E5EA5D}.Debug|x86.Build.0 = Debug|Any CPU
		{95A8E7C2-A497-47B2-A746-1D82D3E5EA5D}.Release|Any CPU.ActiveCfg = Release|Any CPU
		{95A8E7C2-A497-47B2-A746-1D82D3E5EA5D}.Release|Any CPU.Build.0 = Release|Any CPU
		{95A8E7C2-A497-47B2-A746-1D82D3E5EA5D}.Release|x86.ActiveCfg = Release|Any CPU
		{95A8E7C2-A497-47B2-A746-1D82D3E5EA5D}.Release|x86.Build.0 = Release|Any CPU
		{9C806924-0043-4F6C-9637-3E3274CE3705}.Debug|Any CPU.ActiveCfg = Debug|Any CPU
		{9C806924-0043-4F6C-9637-3E3274CE3705}.Debug|Any CPU.Build.0 = Debug|Any CPU
		{9C806924-0043-4F6C-9637-3E3274CE3705}.Debug|x86.ActiveCfg = Debug|Any CPU
		{9C806924-0043-4F6C-9637-3E3274CE3705}.Debug|x86.Build.0 = Debug|Any CPU
		{9C806924-0043-4F6C-9637-3E3274CE3705}.Release|Any CPU.ActiveCfg = Release|Any CPU
		{9C806924-0043-4F6C-9637-3E3274CE3705}.Release|Any CPU.Build.0 = Release|Any CPU
		{9C806924-0043-4F6C-9637-3E3274CE3705}.Release|x86.ActiveCfg = Release|Any CPU
		{9C806924-0043-4F6C-9637-3E3274CE3705}.Release|x86.Build.0 = Release|Any CPU
		{E87E2E7B-52BE-4151-932C-1D529E83CA77}.Debug|Any CPU.ActiveCfg = Debug|Any CPU
		{E87E2E7B-52BE-4151-932C-1D529E83CA77}.Debug|Any CPU.Build.0 = Debug|Any CPU
		{E87E2E7B-52BE-4151-932C-1D529E83CA77}.Debug|x86.ActiveCfg = Debug|Any CPU
		{E87E2E7B-52BE-4151-932C-1D529E83CA77}.Debug|x86.Build.0 = Debug|Any CPU
		{E87E2E7B-52BE-4151-932C-1D529E83CA77}.Release|Any CPU.ActiveCfg = Release|Any CPU
		{E87E2E7B-52BE-4151-932C-1D529E83CA77}.Release|Any CPU.Build.0 = Release|Any CPU
		{E87E2E7B-52BE-4151-932C-1D529E83CA77}.Release|x86.ActiveCfg = Release|Any CPU
		{E87E2E7B-52BE-4151-932C-1D529E83CA77}.Release|x86.Build.0 = Release|Any CPU
		{8A946737-B05D-4F70-BBCF-74CA05BA0E32}.Debug|Any CPU.ActiveCfg = Debug|Any CPU
		{8A946737-B05D-4F70-BBCF-74CA05BA0E32}.Debug|Any CPU.Build.0 = Debug|Any CPU
		{8A946737-B05D-4F70-BBCF-74CA05BA0E32}.Debug|x86.ActiveCfg = Debug|Any CPU
		{8A946737-B05D-4F70-BBCF-74CA05BA0E32}.Debug|x86.Build.0 = Debug|Any CPU
		{8A946737-B05D-4F70-BBCF-74CA05BA0E32}.Release|Any CPU.ActiveCfg = Release|Any CPU
		{8A946737-B05D-4F70-BBCF-74CA05BA0E32}.Release|Any CPU.Build.0 = Release|Any CPU
		{8A946737-B05D-4F70-BBCF-74CA05BA0E32}.Release|x86.ActiveCfg = Release|Any CPU
		{8A946737-B05D-4F70-BBCF-74CA05BA0E32}.Release|x86.Build.0 = Release|Any CPU
		{54A0E52C-9B25-469E-9BAC-AB56D5582528}.Debug|Any CPU.ActiveCfg = Debug|Any CPU
		{54A0E52C-9B25-469E-9BAC-AB56D5582528}.Debug|Any CPU.Build.0 = Debug|Any CPU
		{54A0E52C-9B25-469E-9BAC-AB56D5582528}.Debug|x86.ActiveCfg = Debug|Any CPU
		{54A0E52C-9B25-469E-9BAC-AB56D5582528}.Debug|x86.Build.0 = Debug|Any CPU
		{54A0E52C-9B25-469E-9BAC-AB56D5582528}.Release|Any CPU.ActiveCfg = Release|Any CPU
		{54A0E52C-9B25-469E-9BAC-AB56D5582528}.Release|Any CPU.Build.0 = Release|Any CPU
		{54A0E52C-9B25-469E-9BAC-AB56D5582528}.Release|x86.ActiveCfg = Release|Any CPU
		{54A0E52C-9B25-469E-9BAC-AB56D5582528}.Release|x86.Build.0 = Release|Any CPU
		{7BB86C23-E83F-4D72-BE04-B13260FE830C}.Debug|Any CPU.ActiveCfg = Debug|x86
		{7BB86C23-E83F-4D72-BE04-B13260FE830C}.Debug|Any CPU.Build.0 = Debug|x86
		{7BB86C23-E83F-4D72-BE04-B13260FE830C}.Debug|x86.ActiveCfg = Debug|x86
		{7BB86C23-E83F-4D72-BE04-B13260FE830C}.Debug|x86.Build.0 = Debug|x86
		{7BB86C23-E83F-4D72-BE04-B13260FE830C}.Release|Any CPU.ActiveCfg = Release|x86
		{7BB86C23-E83F-4D72-BE04-B13260FE830C}.Release|Any CPU.Build.0 = Release|x86
		{7BB86C23-E83F-4D72-BE04-B13260FE830C}.Release|x86.ActiveCfg = Release|x86
		{7BB86C23-E83F-4D72-BE04-B13260FE830C}.Release|x86.Build.0 = Release|x86
		{FE9B616F-0250-47B6-B765-E9DA556CF7C9}.Debug|Any CPU.ActiveCfg = Debug|Any CPU
		{FE9B616F-0250-47B6-B765-E9DA556CF7C9}.Debug|Any CPU.Build.0 = Debug|Any CPU
		{FE9B616F-0250-47B6-B765-E9DA556CF7C9}.Debug|x86.ActiveCfg = Debug|Any CPU
		{FE9B616F-0250-47B6-B765-E9DA556CF7C9}.Debug|x86.Build.0 = Debug|Any CPU
		{FE9B616F-0250-47B6-B765-E9DA556CF7C9}.Release|Any CPU.ActiveCfg = Release|Any CPU
		{FE9B616F-0250-47B6-B765-E9DA556CF7C9}.Release|Any CPU.Build.0 = Release|Any CPU
		{FE9B616F-0250-47B6-B765-E9DA556CF7C9}.Release|x86.ActiveCfg = Release|Any CPU
		{FE9B616F-0250-47B6-B765-E9DA556CF7C9}.Release|x86.Build.0 = Release|Any CPU
		{69F4F94C-917A-40FF-BF8D-AF05C6181AE0}.Debug|Any CPU.ActiveCfg = Debug|Any CPU
		{69F4F94C-917A-40FF-BF8D-AF05C6181AE0}.Debug|Any CPU.Build.0 = Debug|Any CPU
		{69F4F94C-917A-40FF-BF8D-AF05C6181AE0}.Debug|x86.ActiveCfg = Debug|Any CPU
		{69F4F94C-917A-40FF-BF8D-AF05C6181AE0}.Debug|x86.Build.0 = Debug|Any CPU
		{69F4F94C-917A-40FF-BF8D-AF05C6181AE0}.Release|Any CPU.ActiveCfg = Release|Any CPU
		{69F4F94C-917A-40FF-BF8D-AF05C6181AE0}.Release|Any CPU.Build.0 = Release|Any CPU
		{69F4F94C-917A-40FF-BF8D-AF05C6181AE0}.Release|x86.ActiveCfg = Release|Any CPU
		{69F4F94C-917A-40FF-BF8D-AF05C6181AE0}.Release|x86.Build.0 = Release|Any CPU
		{A0AC3626-F8D6-4659-8772-4BC45F23C347}.Debug|Any CPU.ActiveCfg = Debug|Any CPU
		{A0AC3626-F8D6-4659-8772-4BC45F23C347}.Debug|Any CPU.Build.0 = Debug|Any CPU
		{A0AC3626-F8D6-4659-8772-4BC45F23C347}.Debug|x86.ActiveCfg = Debug|Any CPU
		{A0AC3626-F8D6-4659-8772-4BC45F23C347}.Debug|x86.Build.0 = Debug|Any CPU
		{A0AC3626-F8D6-4659-8772-4BC45F23C347}.Release|Any CPU.ActiveCfg = Release|Any CPU
		{A0AC3626-F8D6-4659-8772-4BC45F23C347}.Release|Any CPU.Build.0 = Release|Any CPU
		{A0AC3626-F8D6-4659-8772-4BC45F23C347}.Release|x86.ActiveCfg = Release|Any CPU
		{A0AC3626-F8D6-4659-8772-4BC45F23C347}.Release|x86.Build.0 = Release|Any CPU
		{3F74EF61-6217-4CBD-854B-153D73A18614}.Debug|Any CPU.ActiveCfg = Debug|Any CPU
		{3F74EF61-6217-4CBD-854B-153D73A18614}.Debug|Any CPU.Build.0 = Debug|Any CPU
		{3F74EF61-6217-4CBD-854B-153D73A18614}.Debug|x86.ActiveCfg = Debug|Any CPU
		{3F74EF61-6217-4CBD-854B-153D73A18614}.Debug|x86.Build.0 = Debug|Any CPU
		{3F74EF61-6217-4CBD-854B-153D73A18614}.Release|Any CPU.ActiveCfg = Release|Any CPU
		{3F74EF61-6217-4CBD-854B-153D73A18614}.Release|Any CPU.Build.0 = Release|Any CPU
		{3F74EF61-6217-4CBD-854B-153D73A18614}.Release|x86.ActiveCfg = Release|Any CPU
		{3F74EF61-6217-4CBD-854B-153D73A18614}.Release|x86.Build.0 = Release|Any CPU
		{78FF0311-EA40-4CDF-8ADE-C46D0194F3E5}.Debug|Any CPU.ActiveCfg = Debug|Any CPU
		{78FF0311-EA40-4CDF-8ADE-C46D0194F3E5}.Debug|Any CPU.Build.0 = Debug|Any CPU
		{78FF0311-EA40-4CDF-8ADE-C46D0194F3E5}.Debug|x86.ActiveCfg = Debug|Any CPU
		{78FF0311-EA40-4CDF-8ADE-C46D0194F3E5}.Debug|x86.Build.0 = Debug|Any CPU
		{78FF0311-EA40-4CDF-8ADE-C46D0194F3E5}.Release|Any CPU.ActiveCfg = Release|Any CPU
		{78FF0311-EA40-4CDF-8ADE-C46D0194F3E5}.Release|Any CPU.Build.0 = Release|Any CPU
		{78FF0311-EA40-4CDF-8ADE-C46D0194F3E5}.Release|x86.ActiveCfg = Release|Any CPU
		{78FF0311-EA40-4CDF-8ADE-C46D0194F3E5}.Release|x86.Build.0 = Release|Any CPU
		{A1D897F5-32B6-423C-B6F2-A3C17AE1E3DA}.Debug|Any CPU.ActiveCfg = Debug|Any CPU
		{A1D897F5-32B6-423C-B6F2-A3C17AE1E3DA}.Debug|Any CPU.Build.0 = Debug|Any CPU
		{A1D897F5-32B6-423C-B6F2-A3C17AE1E3DA}.Debug|x86.ActiveCfg = Debug|Any CPU
		{A1D897F5-32B6-423C-B6F2-A3C17AE1E3DA}.Debug|x86.Build.0 = Debug|Any CPU
		{A1D897F5-32B6-423C-B6F2-A3C17AE1E3DA}.Release|Any CPU.ActiveCfg = Release|Any CPU
		{A1D897F5-32B6-423C-B6F2-A3C17AE1E3DA}.Release|Any CPU.Build.0 = Release|Any CPU
		{A1D897F5-32B6-423C-B6F2-A3C17AE1E3DA}.Release|x86.ActiveCfg = Release|Any CPU
		{A1D897F5-32B6-423C-B6F2-A3C17AE1E3DA}.Release|x86.Build.0 = Release|Any CPU
		{C7596CE4-47C7-40F9-946A-B840B2CF25D7}.Debug|Any CPU.ActiveCfg = Debug|Any CPU
		{C7596CE4-47C7-40F9-946A-B840B2CF25D7}.Debug|Any CPU.Build.0 = Debug|Any CPU
		{C7596CE4-47C7-40F9-946A-B840B2CF25D7}.Debug|x86.ActiveCfg = Debug|Any CPU
		{C7596CE4-47C7-40F9-946A-B840B2CF25D7}.Debug|x86.Build.0 = Debug|Any CPU
		{C7596CE4-47C7-40F9-946A-B840B2CF25D7}.Release|Any CPU.ActiveCfg = Release|Any CPU
		{C7596CE4-47C7-40F9-946A-B840B2CF25D7}.Release|Any CPU.Build.0 = Release|Any CPU
		{C7596CE4-47C7-40F9-946A-B840B2CF25D7}.Release|x86.ActiveCfg = Release|Any CPU
		{C7596CE4-47C7-40F9-946A-B840B2CF25D7}.Release|x86.Build.0 = Release|Any CPU
		{2CF64DE9-9EA3-4727-915D-6145C63F7EC9}.Debug|Any CPU.ActiveCfg = Debug|Any CPU
		{2CF64DE9-9EA3-4727-915D-6145C63F7EC9}.Debug|Any CPU.Build.0 = Debug|Any CPU
		{2CF64DE9-9EA3-4727-915D-6145C63F7EC9}.Debug|x86.ActiveCfg = Debug|Any CPU
		{2CF64DE9-9EA3-4727-915D-6145C63F7EC9}.Debug|x86.Build.0 = Debug|Any CPU
		{2CF64DE9-9EA3-4727-915D-6145C63F7EC9}.Release|Any CPU.ActiveCfg = Release|Any CPU
		{2CF64DE9-9EA3-4727-915D-6145C63F7EC9}.Release|Any CPU.Build.0 = Release|Any CPU
		{2CF64DE9-9EA3-4727-915D-6145C63F7EC9}.Release|x86.ActiveCfg = Release|Any CPU
		{2CF64DE9-9EA3-4727-915D-6145C63F7EC9}.Release|x86.Build.0 = Release|Any CPU
		{B3392766-E913-4757-9251-E2EE355F8CC9}.Debug|Any CPU.ActiveCfg = Debug|Any CPU
		{B3392766-E913-4757-9251-E2EE355F8CC9}.Debug|Any CPU.Build.0 = Debug|Any CPU
		{B3392766-E913-4757-9251-E2EE355F8CC9}.Debug|x86.ActiveCfg = Debug|Any CPU
		{B3392766-E913-4757-9251-E2EE355F8CC9}.Debug|x86.Build.0 = Debug|Any CPU
		{B3392766-E913-4757-9251-E2EE355F8CC9}.Release|Any CPU.ActiveCfg = Release|Any CPU
		{B3392766-E913-4757-9251-E2EE355F8CC9}.Release|Any CPU.Build.0 = Release|Any CPU
		{B3392766-E913-4757-9251-E2EE355F8CC9}.Release|x86.ActiveCfg = Release|Any CPU
		{B3392766-E913-4757-9251-E2EE355F8CC9}.Release|x86.Build.0 = Release|Any CPU
		{66B92092-9FCB-42C4-B8A8-3FABC2A98C26}.Debug|Any CPU.ActiveCfg = Debug|Any CPU
		{66B92092-9FCB-42C4-B8A8-3FABC2A98C26}.Debug|Any CPU.Build.0 = Debug|Any CPU
		{66B92092-9FCB-42C4-B8A8-3FABC2A98C26}.Debug|x86.ActiveCfg = Debug|Any CPU
		{66B92092-9FCB-42C4-B8A8-3FABC2A98C26}.Debug|x86.Build.0 = Debug|Any CPU
		{66B92092-9FCB-42C4-B8A8-3FABC2A98C26}.Release|Any CPU.ActiveCfg = Release|Any CPU
		{66B92092-9FCB-42C4-B8A8-3FABC2A98C26}.Release|Any CPU.Build.0 = Release|Any CPU
		{66B92092-9FCB-42C4-B8A8-3FABC2A98C26}.Release|x86.ActiveCfg = Release|Any CPU
		{66B92092-9FCB-42C4-B8A8-3FABC2A98C26}.Release|x86.Build.0 = Release|Any CPU
		{FF92110C-3886-4A26-921A-A9F505929373}.Debug|Any CPU.ActiveCfg = Debug|Any CPU
		{FF92110C-3886-4A26-921A-A9F505929373}.Debug|Any CPU.Build.0 = Debug|Any CPU
		{FF92110C-3886-4A26-921A-A9F505929373}.Debug|x86.ActiveCfg = Debug|Any CPU
		{FF92110C-3886-4A26-921A-A9F505929373}.Debug|x86.Build.0 = Debug|Any CPU
		{FF92110C-3886-4A26-921A-A9F505929373}.Release|Any CPU.ActiveCfg = Release|Any CPU
		{FF92110C-3886-4A26-921A-A9F505929373}.Release|Any CPU.Build.0 = Release|Any CPU
		{FF92110C-3886-4A26-921A-A9F505929373}.Release|x86.ActiveCfg = Release|Any CPU
		{FF92110C-3886-4A26-921A-A9F505929373}.Release|x86.Build.0 = Release|Any CPU
	EndGlobalSection
	GlobalSection(SolutionProperties) = preSolution
		HideSolutionNode = FALSE
	EndGlobalSection
	GlobalSection(NestedProjects) = preSolution
		{57BA6DBF-FCA5-4BB2-B2A3-EA2A9AEAC625} = {52EDB8A2-EC6E-40AB-84CC-E50AE3E377CA}
		{B9186491-0CC4-4FB1-A489-8AA311E11B35} = {52EDB8A2-EC6E-40AB-84CC-E50AE3E377CA}
		{C8DFCC50-73BB-45AD-A62F-1CF003D0A11B} = {2706BF94-7E98-4FDF-A334-8AFECC517296}
		{E0BFAA38-0AB2-41B5-A76C-51B45537375D} = {BDE417FD-0CC2-4422-866E-053565304FBE}
		{4748C1AC-71A0-4684-AF80-86D4EC626278} = {BDE417FD-0CC2-4422-866E-053565304FBE}
		{90B5DE1C-8F98-4F3D-A05F-528896D161B7} = {4A3514D8-0154-43CC-A6F7-798A1FF0FBB9}
		{CD3F9A81-521E-429C-87C8-6F831689DC21} = {4A3514D8-0154-43CC-A6F7-798A1FF0FBB9}
		{55DECF3E-B9DB-46F8-992B-BBF09BF55CDD} = {4C4A179D-6481-4D68-81F8-342413763751}
		{95A8E7C2-A497-47B2-A746-1D82D3E5EA5D} = {4C4A179D-6481-4D68-81F8-342413763751}
		{9C806924-0043-4F6C-9637-3E3274CE3705} = {4C4A179D-6481-4D68-81F8-342413763751}
		{E87E2E7B-52BE-4151-932C-1D529E83CA77} = {4C4A179D-6481-4D68-81F8-342413763751}
		{8A946737-B05D-4F70-BBCF-74CA05BA0E32} = {4C4A179D-6481-4D68-81F8-342413763751}
		{54A0E52C-9B25-469E-9BAC-AB56D5582528} = {0E8214B8-6604-4221-B42B-72EA3C5D6890}
		{7BB86C23-E83F-4D72-BE04-B13260FE830C} = {0E8214B8-6604-4221-B42B-72EA3C5D6890}
		{FE9B616F-0250-47B6-B765-E9DA556CF7C9} = {0E8214B8-6604-4221-B42B-72EA3C5D6890}
		{69F4F94C-917A-40FF-BF8D-AF05C6181AE0} = {57BA6DBF-FCA5-4BB2-B2A3-EA2A9AEAC625}
		{A0AC3626-F8D6-4659-8772-4BC45F23C347} = {57BA6DBF-FCA5-4BB2-B2A3-EA2A9AEAC625}
		{3F74EF61-6217-4CBD-854B-153D73A18614} = {57BA6DBF-FCA5-4BB2-B2A3-EA2A9AEAC625}
		{78FF0311-EA40-4CDF-8ADE-C46D0194F3E5} = {B9186491-0CC4-4FB1-A489-8AA311E11B35}
		{A1D897F5-32B6-423C-B6F2-A3C17AE1E3DA} = {B9186491-0CC4-4FB1-A489-8AA311E11B35}
		{C7596CE4-47C7-40F9-946A-B840B2CF25D7} = {1AAD53CE-3A09-4DB0-A649-92B6ABF0BBC9}
		{2CF64DE9-9EA3-4727-915D-6145C63F7EC9} = {1AAD53CE-3A09-4DB0-A649-92B6ABF0BBC9}
		{B3392766-E913-4757-9251-E2EE355F8CC9} = {1AAD53CE-3A09-4DB0-A649-92B6ABF0BBC9}
		{66B92092-9FCB-42C4-B8A8-3FABC2A98C26} = {1AAD53CE-3A09-4DB0-A649-92B6ABF0BBC9}
	EndGlobalSection
	GlobalSection(ExtensibilityGlobals) = postSolution
		SolutionGuid = {EB225DC1-1389-40DF-A1ED-BEC6F28BB40C}
	EndGlobalSection
EndGlobal
